
Microsoft Visual Studio Solution File, Format Version 12.00
# Visual Studio Version 16
VisualStudioVersion = 16.0.33214.272
MinimumVisualStudioVersion = 10.0.40219.1
Project("{FAE04EC0-301F-11D3-BF4B-00C04F79EFBC}") = "Shape", "Shape\Shape.csproj", "{4DB51ABF-23A1-43F7-BF12-8E1D9193A319}"
EndProject
Global
	GlobalSection(SolutionConfigurationPlatforms) = preSolution
		Debug|Any CPU = Debug|Any CPU
		Release|Any CPU = Release|Any CPU
	EndGlobalSection
	GlobalSection(ProjectConfigurationPlatforms) = postSolution
		{4DB51ABF-23A1-43F7-BF12-8E1D9193A319}.Debug|Any CPU.ActiveCfg = Debug|Any CPU
		{4DB51ABF-23A1-43F7-BF12-8E1D9193A319}.Debug|Any CPU.Build.0 = Debug|Any CPU
		{4DB51ABF-23A1-43F7-BF12-8E1D9193A319}.Release|Any CPU.ActiveCfg = Release|Any CPU
		{4DB51ABF-23A1-43F7-BF12-8E1D9193A319}.Release|Any CPU.Build.0 = Release|Any CPU
	EndGlobalSection
	GlobalSection(SolutionProperties) = preSolution
		HideSolutionNode = FALSE
	EndGlobalSection
	GlobalSection(ExtensibilityGlobals) = postSolution
		SolutionGuid = {2F97FF54-D377-40E4-A8F1-95FBEC57C860}
	EndGlobalSection
EndGlobal
